
Microsoft Visual Studio Solution File, Format Version 12.00
# Visual Studio 15
Project("{FAE04EC0-301F-11D3-BF4B-00C04F79EFBC}") = "Assembly-CSharp-firstpass", "Assembly-CSharp-firstpass.csproj", "{CC4C48D9-29B3-7450-C746-E6C1E72063F8}"
EndProject
Project("{FAE04EC0-301F-11D3-BF4B-00C04F79EFBC}") = "Assembly-CSharp", "Assembly-CSharp.csproj", "{B7F03A68-14B4-2485-F8BF-B08C32BF1A9F}"
EndProject
Global
	GlobalSection(SolutionConfigurationPlatforms) = preSolution
		Debug|Any CPU = Debug|Any CPU
		Release|Any CPU = Release|Any CPU
	EndGlobalSection
	GlobalSection(ProjectConfigurationPlatforms) = postSolution
		{CC4C48D9-29B3-7450-C746-E6C1E72063F8}.Debug|Any CPU.ActiveCfg = Debug|Any CPU
		{CC4C48D9-29B3-7450-C746-E6C1E72063F8}.Debug|Any CPU.Build.0 = Debug|Any CPU
		{CC4C48D9-29B3-7450-C746-E6C1E72063F8}.Release|Any CPU.ActiveCfg = Release|Any CPU
		{CC4C48D9-29B3-7450-C746-E6C1E72063F8}.Release|Any CPU.Build.0 = Release|Any CPU
		{B7F03A68-14B4-2485-F8BF-B08C32BF1A9F}.Debug|Any CPU.ActiveCfg = Debug|Any CPU
		{B7F03A68-14B4-2485-F8BF-B08C32BF1A9F}.Debug|Any CPU.Build.0 = Debug|Any CPU
		{B7F03A68-14B4-2485-F8BF-B08C32BF1A9F}.Release|Any CPU.ActiveCfg = Release|Any CPU
		{B7F03A68-14B4-2485-F8BF-B08C32BF1A9F}.Release|Any CPU.Build.0 = Release|Any CPU
	EndGlobalSection
	GlobalSection(SolutionProperties) = preSolution
		HideSolutionNode = FALSE
	EndGlobalSection
EndGlobal
